
Microsoft Visual Studio Solution File, Format Version 12.00
# Visual Studio Version 16
VisualStudioVersion = 16.0.30114.128
MinimumVisualStudioVersion = 10.0.40219.1
Project("{FAE04EC0-301F-11D3-BF4B-00C04F79EFBC}") = "Appwrite", "Appwrite\Appwrite.csproj", "{72C1675D-1EF2-4370-A3CC-A5C10214A234}"
EndProject
Project("{FAE04EC0-301F-11D3-BF4B-00C04F79EFBC}") = "Appwrite.Tests", "Appwrite.Tests\Appwrite.Tests.csproj", "{B0E01AFF-A44B-4668-A783-97AF4B7DAD75}"
EndProject
Global
	GlobalSection(SolutionConfigurationPlatforms) = preSolution
		Debug|Any CPU = Debug|Any CPU
		Release|Any CPU = Release|Any CPU
	EndGlobalSection
	GlobalSection(ProjectConfigurationPlatforms) = postSolution
		{72C1675D-1EF2-4370-A3CC-A5C10214A234}.Debug|Any CPU.ActiveCfg = Debug|Any CPU
		{72C1675D-1EF2-4370-A3CC-A5C10214A234}.Debug|Any CPU.Build.0 = Debug|Any CPU
		{72C1675D-1EF2-4370-A3CC-A5C10214A234}.Release|Any CPU.ActiveCfg = Release|Any CPU
		{72C1675D-1EF2-4370-A3CC-A5C10214A234}.Release|Any CPU.Build.0 = Release|Any CPU
		{B0E01AFF-A44B-4668-A783-97AF4B7DAD75}.Debug|Any CPU.ActiveCfg = Debug|Any CPU
		{B0E01AFF-A44B-4668-A783-97AF4B7DAD75}.Debug|Any CPU.Build.0 = Debug|Any CPU
		{B0E01AFF-A44B-4668-A783-97AF4B7DAD75}.Release|Any CPU.ActiveCfg = Release|Any CPU
		{B0E01AFF-A44B-4668-A783-97AF4B7DAD75}.Release|Any CPU.Build.0 = Release|Any CPU
	EndGlobalSection
	GlobalSection(SolutionProperties) = preSolution
		HideSolutionNode = FALSE
	EndGlobalSection
	GlobalSection(ExtensibilityGlobals) = postSolution
		SolutionGuid = {C7767E03-A067-48DF-9887-17B0AC0CC7B0}
	EndGlobalSection
EndGlobal
